
Microsoft Visual Studio Solution File, Format Version 12.00
# Visual Studio 15
VisualStudioVersion = 15.0.27428.2043
MinimumVisualStudioVersion = 10.0.40219.1
Project("{FAE04EC0-301F-11D3-BF4B-00C04F79EFBC}") = "RegistroDetalle", "RegistroDetalle\RegistroDetalle.csproj", "{CEC38387-314D-4A31-8077-939636A8A479}"
EndProject
Global
	GlobalSection(SolutionConfigurationPlatforms) = preSolution
		Debug|Any CPU = Debug|Any CPU
		Release|Any CPU = Release|Any CPU
	EndGlobalSection
	GlobalSection(ProjectConfigurationPlatforms) = postSolution
		{CEC38387-314D-4A31-8077-939636A8A479}.Debug|Any CPU.ActiveCfg = Debug|Any CPU
		{CEC38387-314D-4A31-8077-939636A8A479}.Debug|Any CPU.Build.0 = Debug|Any CPU
		{CEC38387-314D-4A31-8077-939636A8A479}.Release|Any CPU.ActiveCfg = Release|Any CPU
		{CEC38387-314D-4A31-8077-939636A8A479}.Release|Any CPU.Build.0 = Release|Any CPU
	EndGlobalSection
	GlobalSection(SolutionProperties) = preSolution
		HideSolutionNode = FALSE
	EndGlobalSection
	GlobalSection(ExtensibilityGlobals) = postSolution
		SolutionGuid = {32B97152-1D91-4D8D-9108-DFBA1C5F0E61}
	EndGlobalSection
EndGlobal
